github.com/cpuguy83/go-md2man/v2 v2.0.4 h1:wfIWP927BUkWJb2NmU/kNDYIBTh/ziUX91+lVfRxZq4=
github.com/cpuguy83/go-md2man/v2 v2.0.4/go.mod h1:tgQtvFlXSQOSOSIRvRPT7W67SCa46tRHOmNcaadrF8o=
github.com/hailiang/go-zip v0.0.0-20130308070955-aaaca8ea342c h1:2frZrVIBraICWvxpipFPB0tNKA7jSpDwpOzA3imm0Uc=
github.com/hailiang/go-zip v0.0.0-20130308070955-aaaca8ea342c/go.mod h1:aZogeZ1vp+tRoPKt98F/fzAI49CY8mqVQzz3pJl5arM=
github.com/mrnavastar/assist v0.0.0-20240611023102-e887589c1c7b h1:5gut38rtPA0cAgKdbowipyekoL3WZAHHwTgYv578ITA=
github.com/mrnavastar/assist v0.0.0-20240611023102-e887589c1c7b/go.mod h1:g7rvIBEUXmx/fU1fwrgUiIMzE5xc/7avDoqf3jWFqSY=
github.com/mrnavastar/assist v0.0.0-20240612011733-20bacdb93c96 h1:ePjjAaHHkrDNVIR/Os3Kti/NDjg3Oi2y5rVVvtS8XOs=
github.com/mrnavastar/assist v0.0.0-20240612011733-20bacdb93c96/go.mod h1:g7rvIBEUXmx/fU1fwrgUiIMzE5xc/7avDoqf3jWFqSY=
github.com/mrnavastar/assist v0.0.0-20240612024314-b0e46c8bd1de h1:LJgzZ9ncKkYmuEUHfjPzDZuk6CmXe+1Mtb1JzbRo1OY=
github.com/mrnavastar/assist v0.0.0-20240612024314-b0e46c8bd1de/go.mod h1:g7rvIBEUXmx/fU1fwrgUiIMzE5xc/7avDoqf3jWFqSY=
github.com/mrnavastar/assist v0.0.0-20240612033157-51030a454a4a h1:k1ve156lAfAPonzwNmJzBnLLKGJR9wx1+5Du0bQavUo=
github.com/mrnavastar/assist v0.0.0-20240612033157-51030a454a4a/go.mod h1:g7rvIBEUXmx/fU1fwrgUiIMzE5xc/7avDoqf3jWFqSY=
github.com/mrnavastar/assist v0.0.0-20240612034048-4695c0678a50 h1:a5k7A8/WMHBBfvOLU2hoioTjIvqECGzpNmN3QeqKVzA=
github.com/mrnavastar/assist v0.0.0-20240612034048-4695c0678a50/go.mod h1:g7rvIBEUXmx/fU1fwrgUiIMzE5xc/7avDoqf3jWFqSY=
github.com/mrnavastar/assist v0.0.0-20240622221548-0d5c64e8331b h1:kBvASJu04TBvYE+hpm1RoXy1KQYGHPj400yPdfJk7D4=
github.com/mrnavastar/assist v0.0.0-20240622221548-0d5c64e8331b/go.mod h1:g7rvIBEUXmx/fU1fwrgUiIMzE5xc/7avDoqf3jWFqSY=
github.com/russross/blackfriday/v2 v2.1.0 h1:JIOH55/0cWyOuilr9/qlrm0BSXldqnqwMsf35Ld67mk=
github.com/russross/blackfriday/v2 v2.1.0/go.mod h1:+Rmxgy9KzJVeS9/2gXHxylqXiyQDYRxCVz55jmeOWTM=
github.com/urfave/cli/v2 v2.27.2 h1:6e0H+AkS+zDckwPCUrZkKX38mRaau4nL2uipkJpbkcI=
github.com/urfave/cli/v2 v2.27.2/go.mod h1:g0+79LmHHATl7DAcHO99smiR/T7uGLw84w8Y42x+4eM=
github.com/xrash/smetrics v0.0.0-20240312152122-5f08fbb34913 h1:+qGGcbkzsfDQNPPe9UDgpxAWQrhbbBXOYJFQDq/dtJw=
github.com/xrash/smetrics v0.0.0-20240312152122-5f08fbb34913/go.mod h1:4aEEwZQutDLsQv2Deui4iYQ6DWTxR14g6m8Wv88+Xqk=
golang.org/x/sync v0.7.0 h1:YsImfSBoP9QPYL0xyKJPq0gcaJdG3rInoqxTWbfQu9M=
golang.org/x/sync v0.7.0/go.mod h1:Czt+wKu1gCyEFDUtn0jG5QVvpJ6rzVqr5aXyt9drQfk=
